{
  "originHash" : "6397fa394ff35792cbdbaccc7a9f2fba257d71f9df5cd3ad4b939a63cc6d155f",
  "pins" : [
    {
      "identity" : "alamofire",
      "kind" : "remoteSourceControl",
      "location" : "https://github.com/Alamofire/Alamofire.git",
      "state" : {
        "revision" : "513364f870f6bfc468f9d2ff0a95caccc10044c5",
        "version" : "5.10.2"
      }
    },
    {
      "identity" : "helperstutorialdalle2",
      "kind" : "remoteSourceControl",
      "location" : "https://github.com/SwiftBeta/HelpersTutorialDALLE2.git",
      "state" : {
        "revision" : "52781b15f32b5db315085c363de2bb018f0b46fa",
        "version" : "0.2.0"
      }
    },
    {
      "identity" : "swiftopenai",
      "kind" : "remoteSourceControl",
      "location" : "https://github.com/SwiftBeta/SwiftOpenAI.git",
      "state" : {
        "revision" : "b316788cf0e6584cc730d8231112dd2c76458713",
        "version" : "1.9.0"
      }
    }
  ],
  "version" : 3
}
